dependencies:
- name: next-gen-bank-common
  repository: file://../../next-gen-bank-common
  version: 0.1.0
- name: next-gen-config-server
  repository: file://../../next-gen-config-server
  version: 0.1.0
- name: next-gen-eureka
  repository: file://../../next-gen-eureka
  version: 0.1.0
- name: next-gen-uams
  repository: file://../../next-gen-uams
  version: 0.1.0
- name: next-gen-accounts-kf
  repository: file://../../next-gen-accounts-kf
  version: 0.1.0
digest: sha256:9331b89cc77697c8250c8f65ff29aeec9eb3aa602cc491e738a12e558e8135ce
generated: "2025-08-04T14:10:39.830254633Z"
