dependencies:
- name: next-gen-bank-common
  repository: file://../../next-gen-bank-common
  version: 0.1.0
- name: next-gen-config-server
  repository: file://../../next-gen-config-server
  version: 0.1.0
- name: next-gen-eureka
  repository: file://../../next-gen-eureka
  version: 0.1.0
- name: next-gen-uams
  repository: file://../../next-gen-uams
  version: 0.1.0
digest: sha256:fa4bb314c07123dae6e9c28c80c29ad2968dd545d5c2da02916e6ab922e3fb22
generated: "2025-08-04T12:40:24.456984329Z"
