dependencies:
- name: next-gen-bank-common
  repository: file://../../next-gen-bank-common
  version: 0.1.0
- name: next-gen-config-server
  repository: file://../../next-gen-config-server
  version: 0.1.0
digest: sha256:e701565084d778101faec44dbefbfdf51139bdd9670c648dd9bb2d8b006aa23d
generated: "2025-08-03T10:04:41.250737+05:30"
